
Microsoft Visual Studio Solution File, Format Version 12.00
Project("{FAE04EC0-301F-11D3-BF4B-00C04F79EFBC}") = "TictactoeTests", "TictactoeTests\TictactoeTests.csproj", "{90E78321-3704-4D08-A0C0-A4DD936C89A7}"
EndProject
Project("{FAE04EC0-301F-11D3-BF4B-00C04F79EFBC}") = "Tictactoe", "Tictactoe\Tictactoe.csproj", "{B870FF70-6915-40EA-A717-12E90C091D5F}"
EndProject
Global
	GlobalSection(SolutionConfigurationPlatforms) = preSolution
		Debug|Any CPU = Debug|Any CPU
		Release|Any CPU = Release|Any CPU
	EndGlobalSection
	GlobalSection(ProjectConfigurationPlatforms) = postSolution
		{90E78321-3704-4D08-A0C0-A4DD936C89A7}.Debug|Any CPU.ActiveCfg = Debug|Any CPU
		{90E78321-3704-4D08-A0C0-A4DD936C89A7}.Debug|Any CPU.Build.0 = Debug|Any CPU
		{90E78321-3704-4D08-A0C0-A4DD936C89A7}.Release|Any CPU.ActiveCfg = Release|Any CPU
		{90E78321-3704-4D08-A0C0-A4DD936C89A7}.Release|Any CPU.Build.0 = Release|Any CPU
		{B870FF70-6915-40EA-A717-12E90C091D5F}.Debug|Any CPU.ActiveCfg = Debug|Any CPU
		{B870FF70-6915-40EA-A717-12E90C091D5F}.Debug|Any CPU.Build.0 = Debug|Any CPU
		{B870FF70-6915-40EA-A717-12E90C091D5F}.Release|Any CPU.ActiveCfg = Release|Any CPU
		{B870FF70-6915-40EA-A717-12E90C091D5F}.Release|Any CPU.Build.0 = Release|Any CPU
	EndGlobalSection
EndGlobal
